
Microsoft Visual Studio Solution File, Format Version 12.00
# Visual Studio 15
VisualStudioVersion = 15.0.28307.779
MinimumVisualStudioVersion = 10.0.40219.1
Project("{FAE04EC0-301F-11D3-BF4B-00C04F79EFBC}") = "WPFVendas", "WPFVendas\WPFVendas.csproj", "{91D3288D-8E0F-487E-A0E3-329058D334CA}"
EndProject
Global
	GlobalSection(SolutionConfigurationPlatforms) = preSolution
		Debug|Any CPU = Debug|Any CPU
		Release|Any CPU = Release|Any CPU
	EndGlobalSection
	GlobalSection(ProjectConfigurationPlatforms) = postSolution
		{91D3288D-8E0F-487E-A0E3-329058D334CA}.Debug|Any CPU.ActiveCfg = Debug|Any CPU
		{91D3288D-8E0F-487E-A0E3-329058D334CA}.Debug|Any CPU.Build.0 = Debug|Any CPU
		{91D3288D-8E0F-487E-A0E3-329058D334CA}.Release|Any CPU.ActiveCfg = Release|Any CPU
		{91D3288D-8E0F-487E-A0E3-329058D334CA}.Release|Any CPU.Build.0 = Release|Any CPU
	EndGlobalSection
	GlobalSection(SolutionProperties) = preSolution
		HideSolutionNode = FALSE
	EndGlobalSection
	GlobalSection(ExtensibilityGlobals) = postSolution
		SolutionGuid = {11ED1999-AC32-40AE-B477-704340CE010E}
	EndGlobalSection
EndGlobal
