
Microsoft Visual Studio Solution File, Format Version 12.00
# Visual Studio 15
VisualStudioVersion = 15.0.27428.2037
MinimumVisualStudioVersion = 10.0.40219.1
Project("{FAE04EC0-301F-11D3-BF4B-00C04F79EFBC}") = "WPFExemplo", "WPFExemplo\WPFExemplo.csproj", "{638AA5D6-3162-4DC1-A1EF-872CB23B446A}"
EndProject
Global
	GlobalSection(SolutionConfigurationPlatforms) = preSolution
		Debug|Any CPU = Debug|Any CPU
		Release|Any CPU = Release|Any CPU
	EndGlobalSection
	GlobalSection(ProjectConfigurationPlatforms) = postSolution
		{638AA5D6-3162-4DC1-A1EF-872CB23B446A}.Debug|Any CPU.ActiveCfg = Debug|Any CPU
		{638AA5D6-3162-4DC1-A1EF-872CB23B446A}.Debug|Any CPU.Build.0 = Debug|Any CPU
		{638AA5D6-3162-4DC1-A1EF-872CB23B446A}.Release|Any CPU.ActiveCfg = Release|Any CPU
		{638AA5D6-3162-4DC1-A1EF-872CB23B446A}.Release|Any CPU.Build.0 = Release|Any CPU
	EndGlobalSection
	GlobalSection(SolutionProperties) = preSolution
		HideSolutionNode = FALSE
	EndGlobalSection
	GlobalSection(ExtensibilityGlobals) = postSolution
		SolutionGuid = {03297B5F-9D56-41E8-97EA-9C4B1EDA3F83}
	EndGlobalSection
EndGlobal
